<?xml version="1.0" encoding="UTF-8" standalone="yes" ?>
<CodeBlocks_project_file>
	<FileVersion major="1" minor="6" />
	<Project>
		<Option title="DDD_Linux" />
		<Option pch_mode="2" />
		<Option compiler="gcc" />
		<Build>
			<Target title="Debug">
				<Option output="bin/Debug/DDD_Linux" prefix_auto="1" extension_auto="1" />
				<Option object_output="obj/Debug/" />
				<Option type="1" />
				<Option compiler="gcc" />
				<Compiler>
					<Add option="-g" />
					<Add option="-DDEBUG" />
					<Add directory="include" />
					<Add directory="src" />
				</Compiler>
			</Target>
			<Target title="Release">
				<Option output="bin/Release/DDD_Linux" prefix_auto="1" extension_auto="1" />
				<Option object_output="obj/Release/" />
				<Option type="1" />
				<Option compiler="gcc" />
				<Compiler>
					<Add option="-O2" />
					<Add directory="include" />
					<Add directory="src" />
				</Compiler>
				<Linker>
					<Add option="-s" />
				</Linker>
			</Target>
		</Build>
		<Compiler>
			<Add option="-Wextra" />
			<Add option="-Wall" />
			<Add option="-std=c++11" />
			<Add option="-fexceptions" />
			<Add directory="include" />
			<Add directory="src" />
		</Compiler>
		<Linker>
			<Add library="alleg" />
		</Linker>
		<Unit filename="include/Allegro_Datafile.h" />
		<Unit filename="include/Allegro_Input.h" />
		<Unit filename="include/Allegro_Output.h" />
		<Unit filename="include/Battlemap.h" />
		<Unit filename="include/Clock.h" />
		<Unit filename="include/Clock_Interface.h" />
		<Unit filename="include/Console.h" />
		<Unit filename="include/DDD_Screen.h" />
		<Unit filename="include/Datafileinterface.h" />
		<Unit filename="include/Hero.h" />
		<Unit filename="include/Inputinterface.h" />
		<Unit filename="include/Keyboardinterface.h" />
		<Unit filename="include/Logfile.h" />
		<Unit filename="include/Mapinterface.h" />
		<Unit filename="include/Mouseinterface.h" />
		<Unit filename="include/Playfield.h" />
		<Unit filename="include/Statuswindow.h" />
		<Unit filename="include/UniText.h" />
		<Unit filename="include/Worldmap.h" />
		<Unit filename="include/game.h" />
		<Unit filename="main.cpp" />
		<Unit filename="src/Allegro_Datafile.cpp" />
		<Unit filename="src/Allegro_Input.cpp" />
		<Unit filename="src/Allegro_Output.cpp" />
		<Unit filename="src/Battlemap.cpp" />
		<Unit filename="src/Clock.cpp" />
		<Unit filename="src/Console.cpp" />
		<Unit filename="src/DDD_Screen.cpp" />
		<Unit filename="src/Hero.cpp" />
		<Unit filename="src/Inputinterface.cpp" />
		<Unit filename="src/Logfile.cpp" />
		<Unit filename="src/Mapinterface.cpp" />
		<Unit filename="src/Playfield.cpp" />
		<Unit filename="src/Statuswindow.cpp" />
		<Unit filename="src/UniText.cpp" />
		<Unit filename="src/Worldmap.cpp" />
		<Unit filename="src/game.cpp" />
		<Extensions>
			<envvars />
			<code_completion />
			<debugger>
				<search_path add="/home/acm/mygit/DDD_Linux/" />
			</debugger>
			<lib_finder disable_auto="1" />
		</Extensions>
	</Project>
</CodeBlocks_project_file>
